
Microsoft Visual Studio Solution File, Format Version 12.00
# Visual Studio 15
VisualStudioVersion = 15.0.27130.2010
MinimumVisualStudioVersion = 10.0.40219.1
Project("{FAE04EC0-301F-11D3-BF4B-00C04F79EFBC}") = "student", "student\student.csproj", "{BEA7788E-93FC-49D6-8554-C4D1B070D11A}"
EndProject
Global
	GlobalSection(SolutionConfigurationPlatforms) = preSolution
		Debug|Any CPU = Debug|Any CPU
		Release|Any CPU = Release|Any CPU
	EndGlobalSection
	GlobalSection(ProjectConfigurationPlatforms) = postSolution
		{BEA7788E-93FC-49D6-8554-C4D1B070D11A}.Debug|Any CPU.ActiveCfg = Debug|Any CPU
		{BEA7788E-93FC-49D6-8554-C4D1B070D11A}.Debug|Any CPU.Build.0 = Debug|Any CPU
		{BEA7788E-93FC-49D6-8554-C4D1B070D11A}.Release|Any CPU.ActiveCfg = Release|Any CPU
		{BEA7788E-93FC-49D6-8554-C4D1B070D11A}.Release|Any CPU.Build.0 = Release|Any CPU
	EndGlobalSection
	GlobalSection(SolutionProperties) = preSolution
		HideSolutionNode = FALSE
	EndGlobalSection
	GlobalSection(ExtensibilityGlobals) = postSolution
		SolutionGuid = {46E99655-5123-4AFE-85E9-1A5580946F4D}
	EndGlobalSection
EndGlobal
