
Microsoft Visual Studio Solution File, Format Version 12.00
# Visual Studio 15
VisualStudioVersion = 15.0.27130.2010
MinimumVisualStudioVersion = 10.0.40219.1
Project("{FAE04EC0-301F-11D3-BF4B-00C04F79EFBC}") = "RecuStack", "RecuStack\RecuStack.csproj", "{6E5D9D33-6A26-4F0D-9A00-1EDDFD06820B}"
EndProject
Global
	GlobalSection(SolutionConfigurationPlatforms) = preSolution
		Debug|Any CPU = Debug|Any CPU
		Release|Any CPU = Release|Any CPU
	EndGlobalSection
	GlobalSection(ProjectConfigurationPlatforms) = postSolution
		{6E5D9D33-6A26-4F0D-9A00-1EDDFD06820B}.Debug|Any CPU.ActiveCfg = Debug|Any CPU
		{6E5D9D33-6A26-4F0D-9A00-1EDDFD06820B}.Debug|Any CPU.Build.0 = Debug|Any CPU
		{6E5D9D33-6A26-4F0D-9A00-1EDDFD06820B}.Release|Any CPU.ActiveCfg = Release|Any CPU
		{6E5D9D33-6A26-4F0D-9A00-1EDDFD06820B}.Release|Any CPU.Build.0 = Release|Any CPU
	EndGlobalSection
	GlobalSection(SolutionProperties) = preSolution
		HideSolutionNode = FALSE
	EndGlobalSection
	GlobalSection(ExtensibilityGlobals) = postSolution
		SolutionGuid = {2A7A1087-CEE3-4D62-82E4-C0A7E508EFB8}
	EndGlobalSection
EndGlobal
