
Microsoft Visual Studio Solution File, Format Version 12.00
# Visual Studio 15
VisualStudioVersion = 15.0.27130.2010
MinimumVisualStudioVersion = 10.0.40219.1
Project("{FAE04EC0-301F-11D3-BF4B-00C04F79EFBC}") = "rectangle", "rectangle\rectangle.csproj", "{EE2CB3C0-D97C-4596-8858-17CF115E8927}"
EndProject
Global
	GlobalSection(SolutionConfigurationPlatforms) = preSolution
		Debug|Any CPU = Debug|Any CPU
		Release|Any CPU = Release|Any CPU
	EndGlobalSection
	GlobalSection(ProjectConfigurationPlatforms) = postSolution
		{EE2CB3C0-D97C-4596-8858-17CF115E8927}.Debug|Any CPU.ActiveCfg = Debug|Any CPU
		{EE2CB3C0-D97C-4596-8858-17CF115E8927}.Debug|Any CPU.Build.0 = Debug|Any CPU
		{EE2CB3C0-D97C-4596-8858-17CF115E8927}.Release|Any CPU.ActiveCfg = Release|Any CPU
		{EE2CB3C0-D97C-4596-8858-17CF115E8927}.Release|Any CPU.Build.0 = Release|Any CPU
	EndGlobalSection
	GlobalSection(SolutionProperties) = preSolution
		HideSolutionNode = FALSE
	EndGlobalSection
	GlobalSection(ExtensibilityGlobals) = postSolution
		SolutionGuid = {E2FCF078-9DE5-4B29-B61F-6D9702AC51EE}
	EndGlobalSection
EndGlobal
