
Microsoft Visual Studio Solution File, Format Version 12.00
# Visual Studio 15
VisualStudioVersion = 15.0.27130.2010
MinimumVisualStudioVersion = 10.0.40219.1
Project("{FAE04EC0-301F-11D3-BF4B-00C04F79EFBC}") = "Asteroids", "Asteroids\Asteroids.csproj", "{6580383A-B3FC-42EA-904A-A4B927B3C031}"
EndProject
Global
	GlobalSection(SolutionConfigurationPlatforms) = preSolution
		Debug|Any CPU = Debug|Any CPU
		Release|Any CPU = Release|Any CPU
	EndGlobalSection
	GlobalSection(ProjectConfigurationPlatforms) = postSolution
		{6580383A-B3FC-42EA-904A-A4B927B3C031}.Debug|Any CPU.ActiveCfg = Debug|Any CPU
		{6580383A-B3FC-42EA-904A-A4B927B3C031}.Debug|Any CPU.Build.0 = Debug|Any CPU
		{6580383A-B3FC-42EA-904A-A4B927B3C031}.Release|Any CPU.ActiveCfg = Release|Any CPU
		{6580383A-B3FC-42EA-904A-A4B927B3C031}.Release|Any CPU.Build.0 = Release|Any CPU
	EndGlobalSection
	GlobalSection(SolutionProperties) = preSolution
		HideSolutionNode = FALSE
	EndGlobalSection
	GlobalSection(ExtensibilityGlobals) = postSolution
		SolutionGuid = {CF700122-9074-48CB-A32F-E18BD53A005F}
	EndGlobalSection
EndGlobal
