
Microsoft Visual Studio Solution File, Format Version 12.00
# Visual Studio 15
VisualStudioVersion = 15.0.27130.2010
MinimumVisualStudioVersion = 10.0.40219.1
Project("{FAE04EC0-301F-11D3-BF4B-00C04F79EFBC}") = "ExInClass", "ExInClass\ExInClass.csproj", "{ED2E696F-021D-4F91-924C-1639FDF7DA39}"
EndProject
Global
	GlobalSection(SolutionConfigurationPlatforms) = preSolution
		Debug|Any CPU = Debug|Any CPU
		Release|Any CPU = Release|Any CPU
	EndGlobalSection
	GlobalSection(ProjectConfigurationPlatforms) = postSolution
		{ED2E696F-021D-4F91-924C-1639FDF7DA39}.Debug|Any CPU.ActiveCfg = Debug|Any CPU
		{ED2E696F-021D-4F91-924C-1639FDF7DA39}.Debug|Any CPU.Build.0 = Debug|Any CPU
		{ED2E696F-021D-4F91-924C-1639FDF7DA39}.Release|Any CPU.ActiveCfg = Release|Any CPU
		{ED2E696F-021D-4F91-924C-1639FDF7DA39}.Release|Any CPU.Build.0 = Release|Any CPU
	EndGlobalSection
	GlobalSection(SolutionProperties) = preSolution
		HideSolutionNode = FALSE
	EndGlobalSection
	GlobalSection(ExtensibilityGlobals) = postSolution
		SolutionGuid = {EC60F2A1-94A4-4AD9-8F30-8024D3828509}
	EndGlobalSection
EndGlobal
