
Microsoft Visual Studio Solution File, Format Version 12.00
# Visual Studio 15
VisualStudioVersion = 15.0.27130.2010
MinimumVisualStudioVersion = 10.0.40219.1
Project("{FAE04EC0-301F-11D3-BF4B-00C04F79EFBC}") = "prime", "prime\prime.csproj", "{8FAAD577-9D93-4BD6-B100-C381EBDB93CA}"
EndProject
Global
	GlobalSection(SolutionConfigurationPlatforms) = preSolution
		Debug|Any CPU = Debug|Any CPU
		Release|Any CPU = Release|Any CPU
	EndGlobalSection
	GlobalSection(ProjectConfigurationPlatforms) = postSolution
		{8FAAD577-9D93-4BD6-B100-C381EBDB93CA}.Debug|Any CPU.ActiveCfg = Debug|Any CPU
		{8FAAD577-9D93-4BD6-B100-C381EBDB93CA}.Debug|Any CPU.Build.0 = Debug|Any CPU
		{8FAAD577-9D93-4BD6-B100-C381EBDB93CA}.Release|Any CPU.ActiveCfg = Release|Any CPU
		{8FAAD577-9D93-4BD6-B100-C381EBDB93CA}.Release|Any CPU.Build.0 = Release|Any CPU
	EndGlobalSection
	GlobalSection(SolutionProperties) = preSolution
		HideSolutionNode = FALSE
	EndGlobalSection
	GlobalSection(ExtensibilityGlobals) = postSolution
		SolutionGuid = {764E64F1-FA7D-44C6-B909-FF0BE945738A}
	EndGlobalSection
EndGlobal
